// !$*UTF8*$!
{
	archiveVersion = 1;
	classes = {
	};
	objectVersion = 50;
	objects = {

/* Begin PBXBuildFile section */
		1BF66306C1251E709B64CEF1 /* TVShowsModel.swift in Sources */ = {isa = PBXBuildFile; fileRef = 1BF66E4F28AF45E9DB19188E /* TVShowsModel.swift */; };
		51F6E3961311D66004142C3E /* libPods-TVShowsUITests.a in Frameworks */ = {isa = PBXBuildFile; fileRef = 000AC32135499ACE14AA8D4A /* libPods-TVShowsUITests.a */; };
		97A97BFD9317290AFE2A8F1A /* libPods-TVShowsTests.a in Frameworks */ = {isa = PBXBuildFile; fileRef = C4A8DBF9B63684D87E7FE49D /* libPods-TVShowsTests.a */; };
		D40830BC704C2638F6CCF554 /* libPods-TVShows.a in Frameworks */ = {isa = PBXBuildFile; fileRef = 16455E4ED9B25A2589F10622 /* libPods-TVShows.a */; };
		D516BF6A221F4097009E7358 /* AppDelegate.swift in Sources */ = {isa = PBXBuildFile; fileRef = D516BF69221F4097009E7358 /* AppDelegate.swift */; };
		D516BF71221F4098009E7358 /* Assets.xcassets in Resources */ = {isa = PBXBuildFile; fileRef = D516BF70221F4098009E7358 /* Assets.xcassets */; };
		D516BF74221F4098009E7358 /* LaunchScreen.storyboard in Resources */ = {isa = PBXBuildFile; fileRef = D516BF72221F4098009E7358 /* LaunchScreen.storyboard */; };
		D516BF7F221F4098009E7358 /* TVShowsTests.swift in Sources */ = {isa = PBXBuildFile; fileRef = D516BF7E221F4098009E7358 /* TVShowsTests.swift */; };
		D516BF8A221F4098009E7358 /* TVShowsUITests.swift in Sources */ = {isa = PBXBuildFile; fileRef = D516BF89221F4098009E7358 /* TVShowsUITests.swift */; };
		D5470A1B222055A600F85243 /* Rating.swift in Sources */ = {isa = PBXBuildFile; fileRef = D5470A1A222055A600F85243 /* Rating.swift */; };
		D5470A212220565C00F85243 /* Image.swift in Sources */ = {isa = PBXBuildFile; fileRef = D5470A202220565C00F85243 /* Image.swift */; };
		D5470A252220580300F85243 /* Externals.swift in Sources */ = {isa = PBXBuildFile; fileRef = D5470A242220580300F85243 /* Externals.swift */; };
		D5470A272220583400F85243 /* TVShow.swift in Sources */ = {isa = PBXBuildFile; fileRef = D5470A262220583400F85243 /* TVShow.swift */; };
		D5470A2A22205C0A00F85243 /* UIImageView+Cache.swift in Sources */ = {isa = PBXBuildFile; fileRef = D5470A2922205C0A00F85243 /* UIImageView+Cache.swift */; };
		D5470A7F222068E800F85243 /* Main.storyboard in Resources */ = {isa = PBXBuildFile; fileRef = D5470A7D222068E800F85243 /* Main.storyboard */; };
		D5470A832220713B00F85243 /* TVShowTableViewCell.swift in Sources */ = {isa = PBXBuildFile; fileRef = D5470A812220713B00F85243 /* TVShowTableViewCell.swift */; };
		D5470A842220713B00F85243 /* TVShowTableViewCell.xib in Resources */ = {isa = PBXBuildFile; fileRef = D5470A822220713B00F85243 /* TVShowTableViewCell.xib */; };
		D5470A8822207D5200F85243 /* TVShowsViewController.swift in Sources */ = {isa = PBXBuildFile; fileRef = D5470A8722207D5200F85243 /* TVShowsViewController.swift */; };
		D5470A8A22209EBC00F85243 /* UITabBarController+StatusBar.swift in Sources */ = {isa = PBXBuildFile; fileRef = D5470A8922209EBC00F85243 /* UITabBarController+StatusBar.swift */; };
		D5470A8C22209ED300F85243 /* UINavigationController+StatusBar.swift in Sources */ = {isa = PBXBuildFile; fileRef = D5470A8B22209ED300F85243 /* UINavigationController+StatusBar.swift */; };
		D55343102223736600A39EE6 /* TVShowsFavoritesViewController.swift in Sources */ = {isa = PBXBuildFile; fileRef = D553430F2223736600A39EE6 /* TVShowsFavoritesViewController.swift */; };
		D59F2BAB2223966E00666224 /* TVShowStore.swift in Sources */ = {isa = PBXBuildFile; fileRef = D59F2BAA2223966E00666224 /* TVShowStore.swift */; };
		D5B11C122220B865006A2158 /* NetworkingService.swift in Sources */ = {isa = PBXBuildFile; fileRef = D5B11C112220B865006A2158 /* NetworkingService.swift */; };
/* End PBXBuildFile section */

/* Begin PBXContainerItemProxy section */
		D516BF7B221F4098009E7358 /* PBXContainerItemProxy */ = {
			isa = PBXContainerItemProxy;
			containerPortal = D516BF5E221F4096009E7358 /* Project object */;
			proxyType = 1;
			remoteGlobalIDString = D516BF65221F4097009E7358;
			remoteInfo = TVShows;
		};
		D516BF86221F4098009E7358 /* PBXContainerItemProxy */ = {
			isa = PBXContainerItemProxy;
			containerPortal = D516BF5E221F4096009E7358 /* Project object */;
			proxyType = 1;
			remoteGlobalIDString = D516BF65221F4097009E7358;
			remoteInfo = TVShows;
		};
/* End PBXContainerItemProxy section */

/* Begin PBXFileReference section */
		000AC32135499ACE14AA8D4A /* libPods-TVShowsUITests.a */ = {isa = PBXFileReference; explicitFileType = archive.ar; includeInIndex = 0; path = "libPods-TVShowsUITests.a"; sourceTree = BUILT_PRODUCTS_DIR; };
		16455E4ED9B25A2589F10622 /* libPods-TVShows.a */ = {isa = PBXFileReference; explicitFileType = archive.ar; includeInIndex = 0; path = "libPods-TVShows.a"; sourceTree = BUILT_PRODUCTS_DIR; };
		1BF66E4F28AF45E9DB19188E /* TVShowsModel.swift */ = {isa = PBXFileReference; fileEncoding = 4; lastKnownFileType = sourcecode.swift; path = TVShowsModel.swift; sourceTree = "<group>"; };
		669C625DBC54FF4A7A48C4CE /* Pods-TVShows.release.xcconfig */ = {isa = PBXFileReference; includeInIndex = 1; lastKnownFileType = text.xcconfig; name = "Pods-TVShows.release.xcconfig"; path = "Target Support Files/Pods-TVShows/Pods-TVShows.release.xcconfig"; sourceTree = "<group>"; };
		7111F06BEAA7A213F05AB4A0 /* Pods-TVShows.debug.xcconfig */ = {isa = PBXFileReference; includeInIndex = 1; lastKnownFileType = text.xcconfig; name = "Pods-TVShows.debug.xcconfig"; path = "Target Support Files/Pods-TVShows/Pods-TVShows.debug.xcconfig"; sourceTree = "<group>"; };
		84E16FA76E7662BC8494E3D3 /* Pods-TVShowsUITests.release.xcconfig */ = {isa = PBXFileReference; includeInIndex = 1; lastKnownFileType = text.xcconfig; name = "Pods-TVShowsUITests.release.xcconfig"; path = "Target Support Files/Pods-TVShowsUITests/Pods-TVShowsUITests.release.xcconfig"; sourceTree = "<group>"; };
		C4A8DBF9B63684D87E7FE49D /* libPods-TVShowsTests.a */ = {isa = PBXFileReference; explicitFileType = archive.ar; includeInIndex = 0; path = "libPods-TVShowsTests.a"; sourceTree = BUILT_PRODUCTS_DIR; };
		CBA09FDA3B244E7C44FCF6BE /* Pods-TVShowsTests.release.xcconfig */ = {isa = PBXFileReference; includeInIndex = 1; lastKnownFileType = text.xcconfig; name = "Pods-TVShowsTests.release.xcconfig"; path = "Target Support Files/Pods-TVShowsTests/Pods-TVShowsTests.release.xcconfig"; sourceTree = "<group>"; };
		CF685A14CE9B164C770E0C7C /* Pods-TVShowsUITests.debug.xcconfig */ = {isa = PBXFileReference; includeInIndex = 1; lastKnownFileType = text.xcconfig; name = "Pods-TVShowsUITests.debug.xcconfig"; path = "Target Support Files/Pods-TVShowsUITests/Pods-TVShowsUITests.debug.xcconfig"; sourceTree = "<group>"; };
		D516BF66221F4097009E7358 /* TVShows.app */ = {isa = PBXFileReference; explicitFileType = wrapper.application; includeInIndex = 0; path = TVShows.app; sourceTree = BUILT_PRODUCTS_DIR; };
		D516BF69221F4097009E7358 /* AppDelegate.swift */ = {isa = PBXFileReference; lastKnownFileType = sourcecode.swift; path = AppDelegate.swift; sourceTree = "<group>"; };
		D516BF70221F4098009E7358 /* Assets.xcassets */ = {isa = PBXFileReference; lastKnownFileType = folder.assetcatalog; path = Assets.xcassets; sourceTree = "<group>"; };
		D516BF73221F4098009E7358 /* Base */ = {isa = PBXFileReference; lastKnownFileType = file.storyboard; name = Base; path = Base.lproj/LaunchScreen.storyboard; sourceTree = "<group>"; };
		D516BF75221F4098009E7358 /* Info.plist */ = {isa = PBXFileReference; lastKnownFileType = text.plist.xml; path = Info.plist; sourceTree = "<group>"; };
		D516BF7A221F4098009E7358 /* TVShowsTests.xctest */ = {isa = PBXFileReference; explicitFileType = wrapper.cfbundle; includeInIndex = 0; path = TVShowsTests.xctest; sourceTree = BUILT_PRODUCTS_DIR; };
		D516BF7E221F4098009E7358 /* TVShowsTests.swift */ = {isa = PBXFileReference; lastKnownFileType = sourcecode.swift; path = TVShowsTests.swift; sourceTree = "<group>"; };
		D516BF80221F4098009E7358 /* Info.plist */ = {isa = PBXFileReference; lastKnownFileType = text.plist.xml; path = Info.plist; sourceTree = "<group>"; };
		D516BF85221F4098009E7358 /* TVShowsUITests.xctest */ = {isa = PBXFileReference; explicitFileType = wrapper.cfbundle; includeInIndex = 0; path = TVShowsUITests.xctest; sourceTree = BUILT_PRODUCTS_DIR; };
		D516BF89221F4098009E7358 /* TVShowsUITests.swift */ = {isa = PBXFileReference; lastKnownFileType = sourcecode.swift; path = TVShowsUITests.swift; sourceTree = "<group>"; };
		D516BF8B221F4098009E7358 /* Info.plist */ = {isa = PBXFileReference; lastKnownFileType = text.plist.xml; path = Info.plist; sourceTree = "<group>"; };
		D5470A1A222055A600F85243 /* Rating.swift */ = {isa = PBXFileReference; lastKnownFileType = sourcecode.swift; path = Rating.swift; sourceTree = "<group>"; };
		D5470A202220565C00F85243 /* Image.swift */ = {isa = PBXFileReference; lastKnownFileType = sourcecode.swift; path = Image.swift; sourceTree = "<group>"; };
		D5470A242220580300F85243 /* Externals.swift */ = {isa = PBXFileReference; lastKnownFileType = sourcecode.swift; path = Externals.swift; sourceTree = "<group>"; };
		D5470A262220583400F85243 /* TVShow.swift */ = {isa = PBXFileReference; lastKnownFileType = sourcecode.swift; path = TVShow.swift; sourceTree = "<group>"; };
		D5470A2922205C0A00F85243 /* UIImageView+Cache.swift */ = {isa = PBXFileReference; lastKnownFileType = sourcecode.swift; path = "UIImageView+Cache.swift"; sourceTree = "<group>"; };
		D5470A7E222068E800F85243 /* Base */ = {isa = PBXFileReference; lastKnownFileType = file.storyboard; name = Base; path = Base.lproj/Main.storyboard; sourceTree = "<group>"; };
		D5470A812220713B00F85243 /* TVShowTableViewCell.swift */ = {isa = PBXFileReference; lastKnownFileType = sourcecode.swift; path = TVShowTableViewCell.swift; sourceTree = "<group>"; };
		D5470A822220713B00F85243 /* TVShowTableViewCell.xib */ = {isa = PBXFileReference; lastKnownFileType = file.xib; path = TVShowTableViewCell.xib; sourceTree = "<group>"; };
		D5470A8722207D5200F85243 /* TVShowsViewController.swift */ = {isa = PBXFileReference; fileEncoding = 4; lastKnownFileType = sourcecode.swift; path = TVShowsViewController.swift; sourceTree = "<group>"; };
		D5470A8922209EBC00F85243 /* UITabBarController+StatusBar.swift */ = {isa = PBXFileReference; lastKnownFileType = sourcecode.swift; path = "UITabBarController+StatusBar.swift"; sourceTree = "<group>"; };
		D5470A8B22209ED300F85243 /* UINavigationController+StatusBar.swift */ = {isa = PBXFileReference; lastKnownFileType = sourcecode.swift; path = "UINavigationController+StatusBar.swift"; sourceTree = "<group>"; };
		D553430F2223736600A39EE6 /* TVShowsFavoritesViewController.swift */ = {isa = PBXFileReference; lastKnownFileType = sourcecode.swift; path = TVShowsFavoritesViewController.swift; sourceTree = "<group>"; };
		D59F2BAA2223966E00666224 /* TVShowStore.swift */ = {isa = PBXFileReference; lastKnownFileType = sourcecode.swift; path = TVShowStore.swift; sourceTree = "<group>"; };
		D5B11C112220B865006A2158 /* NetworkingService.swift */ = {isa = PBXFileReference; lastKnownFileType = sourcecode.swift; path = NetworkingService.swift; sourceTree = "<group>"; };
		F467D81841C9FEC2E61353C0 /* Pods-TVShowsTests.debug.xcconfig */ = {isa = PBXFileReference; includeInIndex = 1; lastKnownFileType = text.xcconfig; name = "Pods-TVShowsTests.debug.xcconfig"; path = "Target Support Files/Pods-TVShowsTests/Pods-TVShowsTests.debug.xcconfig"; sourceTree = "<group>"; };
/* End PBXFileReference section */

/* Begin PBXFrameworksBuildPhase section */
		D516BF63221F4097009E7358 /* Frameworks */ = {
			isa = PBXFrameworksBuildPhase;
			buildActionMask = 2147483647;
			files = (
				D40830BC704C2638F6CCF554 /* libPods-TVShows.a in Frameworks */,
			);
			runOnlyForDeploymentPostprocessing = 0;
		};
		D516BF77221F4098009E7358 /* Frameworks */ = {
			isa = PBXFrameworksBuildPhase;
			buildActionMask = 2147483647;
			files = (
				97A97BFD9317290AFE2A8F1A /* libPods-TVShowsTests.a in Frameworks */,
			);
			runOnlyForDeploymentPostprocessing = 0;
		};
		D516BF82221F4098009E7358 /* Frameworks */ = {
			isa = PBXFrameworksBuildPhase;
			buildActionMask = 2147483647;
			files = (
				51F6E3961311D66004142C3E /* libPods-TVShowsUITests.a in Frameworks */,
			);
			runOnlyForDeploymentPostprocessing = 0;
		};
/* End PBXFrameworksBuildPhase section */

/* Begin PBXGroup section */
		2632DE2B3FB6068FDD010C9F /* Pods */ = {
			isa = PBXGroup;
			children = (
				7111F06BEAA7A213F05AB4A0 /* Pods-TVShows.debug.xcconfig */,
				669C625DBC54FF4A7A48C4CE /* Pods-TVShows.release.xcconfig */,
				F467D81841C9FEC2E61353C0 /* Pods-TVShowsTests.debug.xcconfig */,
				CBA09FDA3B244E7C44FCF6BE /* Pods-TVShowsTests.release.xcconfig */,
				CF685A14CE9B164C770E0C7C /* Pods-TVShowsUITests.debug.xcconfig */,
				84E16FA76E7662BC8494E3D3 /* Pods-TVShowsUITests.release.xcconfig */,
			);
			path = Pods;
			sourceTree = "<group>";
		};
		8D7D1D87149FB0307706B416 /* Frameworks */ = {
			isa = PBXGroup;
			children = (
				16455E4ED9B25A2589F10622 /* libPods-TVShows.a */,
				C4A8DBF9B63684D87E7FE49D /* libPods-TVShowsTests.a */,
				000AC32135499ACE14AA8D4A /* libPods-TVShowsUITests.a */,
			);
			name = Frameworks;
			sourceTree = "<group>";
		};
		D516BF5D221F4096009E7358 = {
			isa = PBXGroup;
			children = (
				D516BF68221F4097009E7358 /* TVShows */,
				D516BF7D221F4098009E7358 /* TVShowsTests */,
				D516BF88221F4098009E7358 /* TVShowsUITests */,
				D516BF67221F4097009E7358 /* Products */,
				2632DE2B3FB6068FDD010C9F /* Pods */,
				8D7D1D87149FB0307706B416 /* Frameworks */,
			);
			sourceTree = "<group>";
		};
		D516BF67221F4097009E7358 /* Products */ = {
			isa = PBXGroup;
			children = (
				D516BF66221F4097009E7358 /* TVShows.app */,
				D516BF7A221F4098009E7358 /* TVShowsTests.xctest */,
				D516BF85221F4098009E7358 /* TVShowsUITests.xctest */,
			);
			name = Products;
			sourceTree = "<group>";
		};
		D516BF68221F4097009E7358 /* TVShows */ = {
			isa = PBXGroup;
			children = (
				D59F2BA7222395F300666224 /* Stores */,
				D5B11C102220B837006A2158 /* Networking */,
				D5470A2822205A9400F85243 /* Extensions */,
				D5470A15221F5D6C00F85243 /* Models */,
				D5470A14221F5D6100F85243 /* Controllers */,
				D5470A802220693600F85243 /* Views */,
				D5470A13221F5D5500F85243 /* UIClasses */,
				D516BF69221F4097009E7358 /* AppDelegate.swift */,
				D516BF70221F4098009E7358 /* Assets.xcassets */,
				D516BF75221F4098009E7358 /* Info.plist */,
			);
			path = TVShows;
			sourceTree = "<group>";
		};
		D516BF7D221F4098009E7358 /* TVShowsTests */ = {
			isa = PBXGroup;
			children = (
				D516BF7E221F4098009E7358 /* TVShowsTests.swift */,
				D516BF80221F4098009E7358 /* Info.plist */,
			);
			path = TVShowsTests;
			sourceTree = "<group>";
		};
		D516BF88221F4098009E7358 /* TVShowsUITests */ = {
			isa = PBXGroup;
			children = (
				D516BF89221F4098009E7358 /* TVShowsUITests.swift */,
				D516BF8B221F4098009E7358 /* Info.plist */,
			);
			path = TVShowsUITests;
			sourceTree = "<group>";
		};
		D5470A13221F5D5500F85243 /* UIClasses */ = {
			isa = PBXGroup;
			children = (
				D5470A812220713B00F85243 /* TVShowTableViewCell.swift */,
				D5470A822220713B00F85243 /* TVShowTableViewCell.xib */,
			);
			path = UIClasses;
			sourceTree = "<group>";
		};
		D5470A14221F5D6100F85243 /* Controllers */ = {
			isa = PBXGroup;
			children = (
				D5470A8722207D5200F85243 /* TVShowsViewController.swift */,
				D553430F2223736600A39EE6 /* TVShowsFavoritesViewController.swift */,
			);
			path = Controllers;
			sourceTree = "<group>";
		};
		D5470A15221F5D6C00F85243 /* Models */ = {
			isa = PBXGroup;
			children = (
				D5470A1A222055A600F85243 /* Rating.swift */,
				D5470A202220565C00F85243 /* Image.swift */,
				D5470A242220580300F85243 /* Externals.swift */,
				D5470A262220583400F85243 /* TVShow.swift */,
				1BF66E4F28AF45E9DB19188E /* TVShowsModel.swift */,
			);
			path = Models;
			sourceTree = "<group>";
		};
		D5470A2822205A9400F85243 /* Extensions */ = {
			isa = PBXGroup;
			children = (
				D5470A2922205C0A00F85243 /* UIImageView+Cache.swift */,
				D5470A8922209EBC00F85243 /* UITabBarController+StatusBar.swift */,
				D5470A8B22209ED300F85243 /* UINavigationController+StatusBar.swift */,
			);
			path = Extensions;
			sourceTree = "<group>";
		};
		D5470A802220693600F85243 /* Views */ = {
			isa = PBXGroup;
			children = (
				D5470A7D222068E800F85243 /* Main.storyboard */,
				D516BF72221F4098009E7358 /* LaunchScreen.storyboard */,
			);
			path = Views;
			sourceTree = "<group>";
		};
		D59F2BA7222395F300666224 /* Stores */ = {
			isa = PBXGroup;
			children = (
				D59F2BAA2223966E00666224 /* TVShowStore.swift */,
			);
			path = Stores;
			sourceTree = "<group>";
		};
		D5B11C102220B837006A2158 /* Networking */ = {
			isa = PBXGroup;
			children = (
				D5B11C112220B865006A2158 /* NetworkingService.swift */,
			);
			path = Networking;
			sourceTree = "<group>";
		};
/* End PBXGroup section */

/* Begin PBXNativeTarget section */
		D516BF65221F4097009E7358 /* TVShows */ = {
			isa = PBXNativeTarget;
			buildConfigurationList = D516BF8E221F4098009E7358 /* Build configuration list for PBXNativeTarget "TVShows" */;
			buildPhases = (
				2DD928910C7244D05E4B56B8 /* [CP] Check Pods Manifest.lock */,
				D516BF62221F4097009E7358 /* Sources */,
				D516BF63221F4097009E7358 /* Frameworks */,
				D516BF64221F4097009E7358 /* Resources */,
			);
			buildRules = (
			);
			dependencies = (
			);
			name = TVShows;
			productName = TVShows;
			productReference = D516BF66221F4097009E7358 /* TVShows.app */;
			productType = "com.apple.product-type.application";
		};
		D516BF79221F4098009E7358 /* TVShowsTests */ = {
			isa = PBXNativeTarget;
			buildConfigurationList = D516BF91221F4098009E7358 /* Build configuration list for PBXNativeTarget "TVShowsTests" */;
			buildPhases = (
				9D3CA9E582BECA77DE1793EE /* [CP] Check Pods Manifest.lock */,
				D516BF76221F4098009E7358 /* Sources */,
				D516BF77221F4098009E7358 /* Frameworks */,
				D516BF78221F4098009E7358 /* Resources */,
			);
			buildRules = (
			);
			dependencies = (
				D516BF7C221F4098009E7358 /* PBXTargetDependency */,
			);
			name = TVShowsTests;
			productName = TVShowsTests;
			productReference = D516BF7A221F4098009E7358 /* TVShowsTests.xctest */;
			productType = "com.apple.product-type.bundle.unit-test";
		};
		D516BF84221F4098009E7358 /* TVShowsUITests */ = {
			isa = PBXNativeTarget;
			buildConfigurationList = D516BF94221F4098009E7358 /* Build configuration list for PBXNativeTarget "TVShowsUITests" */;
			buildPhases = (
				72066231E0936BCE3F2E0A0A /* [CP] Check Pods Manifest.lock */,
				D516BF81221F4098009E7358 /* Sources */,
				D516BF82221F4098009E7358 /* Frameworks */,
				D516BF83221F4098009E7358 /* Resources */,
			);
			buildRules = (
			);
			dependencies = (
				D516BF87221F4098009E7358 /* PBXTargetDependency */,
			);
			name = TVShowsUITests;
			productName = TVShowsUITests;
			productReference = D516BF85221F4098009E7358 /* TVShowsUITests.xctest */;
			productType = "com.apple.product-type.bundle.ui-testing";
		};
/* End PBXNativeTarget section */

/* Begin PBXProject section */
		D516BF5E221F4096009E7358 /* Project object */ = {
			isa = PBXProject;
			attributes = {
				LastSwiftUpdateCheck = 1010;
				LastUpgradeCheck = 1010;
				ORGANIZATIONNAME = hector.dd;
				TargetAttributes = {
					D516BF65221F4097009E7358 = {
						CreatedOnToolsVersion = 10.1;
					};
					D516BF79221F4098009E7358 = {
						CreatedOnToolsVersion = 10.1;
						TestTargetID = D516BF65221F4097009E7358;
					};
					D516BF84221F4098009E7358 = {
						CreatedOnToolsVersion = 10.1;
						TestTargetID = D516BF65221F4097009E7358;
					};
				};
			};
			buildConfigurationList = D516BF61221F4096009E7358 /* Build configuration list for PBXProject "TVShows" */;
			compatibilityVersion = "Xcode 9.3";
			developmentRegion = en;
			hasScannedForEncodings = 0;
			knownRegions = (
				en,
				Base,
			);
			mainGroup = D516BF5D221F4096009E7358;
			productRefGroup = D516BF67221F4097009E7358 /* Products */;
			projectDirPath = "";
			projectRoot = "";
			targets = (
				D516BF65221F4097009E7358 /* TVShows */,
				D516BF79221F4098009E7358 /* TVShowsTests */,
				D516BF84221F4098009E7358 /* TVShowsUITests */,
			);
		};
/* End PBXProject section */

/* Begin PBXResourcesBuildPhase section */
		D516BF64221F4097009E7358 /* Resources */ = {
			isa = PBXResourcesBuildPhase;
			buildActionMask = 2147483647;
			files = (
				D5470A7F222068E800F85243 /* Main.storyboard in Resources */,
				D516BF74221F4098009E7358 /* LaunchScreen.storyboard in Resources */,
				D5470A842220713B00F85243 /* TVShowTableViewCell.xib in Resources */,
				D516BF71221F4098009E7358 /* Assets.xcassets in Resources */,
			);
			runOnlyForDeploymentPostprocessing = 0;
		};
		D516BF78221F4098009E7358 /* Resources */ = {
			isa = PBXResourcesBuildPhase;
			buildActionMask = 2147483647;
			files = (
			);
			runOnlyForDeploymentPostprocessing = 0;
		};
		D516BF83221F4098009E7358 /* Resources */ = {
			isa = PBXResourcesBuildPhase;
			buildActionMask = 2147483647;
			files = (
			);
			runOnlyForDeploymentPostprocessing = 0;
		};
/* End PBXResourcesBuildPhase section */

/* Begin PBXShellScriptBuildPhase section */
		2DD928910C7244D05E4B56B8 /* [CP] Check Pods Manifest.lock */ = {
			isa = PBXShellScriptBuildPhase;
			buildActionMask = 2147483647;
			files = (
			);
			inputFileListPaths = (
			);
			inputPaths = (
				"${PODS_PODFILE_DIR_PATH}/Podfile.lock",
				"${PODS_ROOT}/Manifest.lock",
			);
			name = "[CP] Check Pods Manifest.lock";
			outputFileListPaths = (
			);
			outputPaths = (
				"$(DERIVED_FILE_DIR)/Pods-TVShows-checkManifestLockResult.txt",
			);
			runOnlyForDeploymentPostprocessing = 0;
			shellPath = /bin/sh;
			shellScript = "diff \"${PODS_PODFILE_DIR_PATH}/Podfile.lock\" \"${PODS_ROOT}/Manifest.lock\" > /dev/null\nif [ $? != 0 ] ; then\n    # print error to STDERR\n    echo \"error: The sandbox is not in sync with the Podfile.lock. Run 'pod install' or update your CocoaPods installation.\" >&2\n    exit 1\nfi\n# This output is used by Xcode 'outputs' to avoid re-running this script phase.\necho \"SUCCESS\" > \"${SCRIPT_OUTPUT_FILE_0}\"\n";
			showEnvVarsInLog = 0;
		};
		72066231E0936BCE3F2E0A0A /* [CP] Check Pods Manifest.lock */ = {
			isa = PBXShellScriptBuildPhase;
			buildActionMask = 2147483647;
			files = (
			);
			inputFileListPaths = (
			);
			inputPaths = (
				"${PODS_PODFILE_DIR_PATH}/Podfile.lock",
				"${PODS_ROOT}/Manifest.lock",
			);
			name = "[CP] Check Pods Manifest.lock";
			outputFileListPaths = (
			);
			outputPaths = (
				"$(DERIVED_FILE_DIR)/Pods-TVShowsUITests-checkManifestLockResult.txt",
			);
			runOnlyForDeploymentPostprocessing = 0;
			shellPath = /bin/sh;
			shellScript = "diff \"${PODS_PODFILE_DIR_PATH}/Podfile.lock\" \"${PODS_ROOT}/Manifest.lock\" > /dev/null\nif [ $? != 0 ] ; then\n    # print error to STDERR\n    echo \"error: The sandbox is not in sync with the Podfile.lock. Run 'pod install' or update your CocoaPods installation.\" >&2\n    exit 1\nfi\n# This output is used by Xcode 'outputs' to avoid re-running this script phase.\necho \"SUCCESS\" > \"${SCRIPT_OUTPUT_FILE_0}\"\n";
			showEnvVarsInLog = 0;
		};
		9D3CA9E582BECA77DE1793EE /* [CP] Check Pods Manifest.lock */ = {
			isa = PBXShellScriptBuildPhase;
			buildActionMask = 2147483647;
			files = (
			);
			inputFileListPaths = (
			);
			inputPaths = (
				"${PODS_PODFILE_DIR_PATH}/Podfile.lock",
				"${PODS_ROOT}/Manifest.lock",
			);
			name = "[CP] Check Pods Manifest.lock";
			outputFileListPaths = (
			);
			outputPaths = (
				"$(DERIVED_FILE_DIR)/Pods-TVShowsTests-checkManifestLockResult.txt",
			);
			runOnlyForDeploymentPostprocessing = 0;
			shellPath = /bin/sh;
			shellScript = "diff \"${PODS_PODFILE_DIR_PATH}/Podfile.lock\" \"${PODS_ROOT}/Manifest.lock\" > /dev/null\nif [ $? != 0 ] ; then\n    # print error to STDERR\n    echo \"error: The sandbox is not in sync with the Podfile.lock. Run 'pod install' or update your CocoaPods installation.\" >&2\n    exit 1\nfi\n# This output is used by Xcode 'outputs' to avoid re-running this script phase.\necho \"SUCCESS\" > \"${SCRIPT_OUTPUT_FILE_0}\"\n";
			showEnvVarsInLog = 0;
		};
/* End PBXShellScriptBuildPhase section */

/* Begin PBXSourcesBuildPhase section */
		D516BF62221F4097009E7358 /* Sources */ = {
			isa = PBXSourcesBuildPhase;
			buildActionMask = 2147483647;
			files = (
				D5470A212220565C00F85243 /* Image.swift in Sources */,
				D5470A1B222055A600F85243 /* Rating.swift in Sources */,
				D59F2BAB2223966E00666224 /* TVShowStore.swift in Sources */,
				D5470A832220713B00F85243 /* TVShowTableViewCell.swift in Sources */,
				D5470A8C22209ED300F85243 /* UINavigationController+StatusBar.swift in Sources */,
				D5470A8822207D5200F85243 /* TVShowsViewController.swift in Sources */,
				D5470A272220583400F85243 /* TVShow.swift in Sources */,
				D5470A8A22209EBC00F85243 /* UITabBarController+StatusBar.swift in Sources */,
				D5470A252220580300F85243 /* Externals.swift in Sources */,
				D55343102223736600A39EE6 /* TVShowsFavoritesViewController.swift in Sources */,
				D5B11C122220B865006A2158 /* NetworkingService.swift in Sources */,
				D5470A2A22205C0A00F85243 /* UIImageView+Cache.swift in Sources */,
				D516BF6A221F4097009E7358 /* AppDelegate.swift in Sources */,
				1BF66306C1251E709B64CEF1 /* TVShowsModel.swift in Sources */,
			);
			runOnlyForDeploymentPostprocessing = 0;
		};
		D516BF76221F4098009E7358 /* Sources */ = {
			isa = PBXSourcesBuildPhase;
			buildActionMask = 2147483647;
			files = (
				D516BF7F221F4098009E7358 /* TVShowsTests.swift in Sources */,
			);
			runOnlyForDeploymentPostprocessing = 0;
		};
		D516BF81221F4098009E7358 /* Sources */ = {
			isa = PBXSourcesBuildPhase;
			buildActionMask = 2147483647;
			files = (
				D516BF8A221F4098009E7358 /* TVShowsUITests.swift in Sources */,
			);
			runOnlyForDeploymentPostprocessing = 0;
		};
/* End PBXSourcesBuildPhase section */

/* Begin PBXTargetDependency section */
		D516BF7C221F4098009E7358 /* PBXTargetDependency */ = {
			isa = PBXTargetDependency;
			target = D516BF65221F4097009E7358 /* TVShows */;
			targetProxy = D516BF7B221F4098009E7358 /* PBXContainerItemProxy */;
		};
		D516BF87221F4098009E7358 /* PBXTargetDependency */ = {
			isa = PBXTargetDependency;
			target = D516BF65221F4097009E7358 /* TVShows */;
			targetProxy = D516BF86221F4098009E7358 /* PBXContainerItemProxy */;
		};
/* End PBXTargetDependency section */

/* Begin PBXVariantGroup section */
		D516BF72221F4098009E7358 /* LaunchScreen.storyboard */ = {
			isa = PBXVariantGroup;
			children = (
				D516BF73221F4098009E7358 /* Base */,
			);
			name = LaunchScreen.storyboard;
			sourceTree = "<group>";
		};
		D5470A7D222068E800F85243 /* Main.storyboard */ = {
			isa = PBXVariantGroup;
			children = (
				D5470A7E222068E800F85243 /* Base */,
			);
			name = Main.storyboard;
			sourceTree = "<group>";
		};
/* End PBXVariantGroup section */

/* Begin XCBuildConfiguration section */
		D516BF8C221F4098009E7358 /* Debug */ = {
			isa = XCBuildConfiguration;
			buildSettings = {
				ALWAYS_SEARCH_USER_PATHS = NO;
				CLANG_ANALYZER_NONNULL = YES;
				CLANG_ANALYZER_NUMBER_OBJECT_CONVERSION = YES_AGGRESSIVE;
				CLANG_CXX_LANGUAGE_STANDARD = "gnu++14";
				CLANG_CXX_LIBRARY = "libc++";
				CLANG_ENABLE_MODULES = YES;
				CLANG_ENABLE_OBJC_ARC = YES;
				CLANG_ENABLE_OBJC_WEAK = YES;
				CLANG_WARN_BLOCK_CAPTURE_AUTORELEASING = YES;
				CLANG_WARN_BOOL_CONVERSION = YES;
				CLANG_WARN_COMMA = YES;
				CLANG_WARN_CONSTANT_CONVERSION = YES;
				CLANG_WARN_DEPRECATED_OBJC_IMPLEMENTATIONS = YES;
				CLANG_WARN_DIRECT_OBJC_ISA_USAGE = YES_ERROR;
				CLANG_WARN_DOCUMENTATION_COMMENTS = YES;
				CLANG_WARN_EMPTY_BODY = YES;
				CLANG_WARN_ENUM_CONVERSION = YES;
				CLANG_WARN_INFINITE_RECURSION = YES;
				CLANG_WARN_INT_CONVERSION = YES;
				CLANG_WARN_NON_LITERAL_NULL_CONVERSION = YES;
				CLANG_WARN_OBJC_IMPLICIT_RETAIN_SELF = YES;
				CLANG_WARN_OBJC_LITERAL_CONVERSION = YES;
				CLANG_WARN_OBJC_ROOT_CLASS = YES_ERROR;
				CLANG_WARN_RANGE_LOOP_ANALYSIS = YES;
				CLANG_WARN_STRICT_PROTOTYPES = YES;
				CLANG_WARN_SUSPICIOUS_MOVE = YES;
				CLANG_WARN_UNGUARDED_AVAILABILITY = YES_AGGRESSIVE;
				CLANG_WARN_UNREACHABLE_CODE = YES;
				CLANG_WARN__DUPLICATE_METHOD_MATCH = YES;
				CODE_SIGN_IDENTITY = "iPhone Developer";
				COPY_PHASE_STRIP = NO;
				DEBUG_INFORMATION_FORMAT = dwarf;
				ENABLE_STRICT_OBJC_MSGSEND = YES;
				ENABLE_TESTABILITY = YES;
				GCC_C_LANGUAGE_STANDARD = gnu11;
				GCC_DYNAMIC_NO_PIC = NO;
				GCC_NO_COMMON_BLOCKS = YES;
				GCC_OPTIMIZATION_LEVEL = 0;
				GCC_PREPROCESSOR_DEFINITIONS = (
					"DEBUG=1",
					"$(inherited)",
				);
				GCC_WARN_64_TO_32_BIT_CONVERSION = YES;
				GCC_WARN_ABOUT_RETURN_TYPE = YES_ERROR;
				GCC_WARN_UNDECLARED_SELECTOR = YES;
				GCC_WARN_UNINITIALIZED_AUTOS = YES_AGGRESSIVE;
				GCC_WARN_UNUSED_FUNCTION = YES;
				GCC_WARN_UNUSED_VARIABLE = YES;
				IPHONEOS_DEPLOYMENT_TARGET = 12.1;
				MTL_ENABLE_DEBUG_INFO = INCLUDE_SOURCE;
				MTL_FAST_MATH = YES;
				ONLY_ACTIVE_ARCH = YES;
				SDKROOT = iphoneos;
				SWIFT_ACTIVE_COMPILATION_CONDITIONS = DEBUG;
				SWIFT_OPTIMIZATION_LEVEL = "-Onone";
			};
			name = Debug;
		};
		D516BF8D221F4098009E7358 /* Release */ = {
			isa = XCBuildConfiguration;
			buildSettings = {
				ALWAYS_SEARCH_USER_PATHS = NO;
				CLANG_ANALYZER_NONNULL = YES;
				CLANG_ANALYZER_NUMBER_OBJECT_CONVERSION = YES_AGGRESSIVE;
				CLANG_CXX_LANGUAGE_STANDARD = "gnu++14";
				CLANG_CXX_LIBRARY = "libc++";
				CLANG_ENABLE_MODULES = YES;
				CLANG_ENABLE_OBJC_ARC = YES;
				CLANG_ENABLE_OBJC_WEAK = YES;
				CLANG_WARN_BLOCK_CAPTURE_AUTORELEASING = YES;
				CLANG_WARN_BOOL_CONVERSION = YES;
				CLANG_WARN_COMMA = YES;
				CLANG_WARN_CONSTANT_CONVERSION = YES;
				CLANG_WARN_DEPRECATED_OBJC_IMPLEMENTATIONS = YES;
				CLANG_WARN_DIRECT_OBJC_ISA_USAGE = YES_ERROR;
				CLANG_WARN_DOCUMENTATION_COMMENTS = YES;
				CLANG_WARN_EMPTY_BODY = YES;
				CLANG_WARN_ENUM_CONVERSION = YES;
				CLANG_WARN_INFINITE_RECURSION = YES;
				CLANG_WARN_INT_CONVERSION = YES;
				CLANG_WARN_NON_LITERAL_NULL_CONVERSION = YES;
				CLANG_WARN_OBJC_IMPLICIT_RETAIN_SELF = YES;
				CLANG_WARN_OBJC_LITERAL_CONVERSION = YES;
				CLANG_WARN_OBJC_ROOT_CLASS = YES_ERROR;
				CLANG_WARN_RANGE_LOOP_ANALYSIS = YES;
				CLANG_WARN_STRICT_PROTOTYPES = YES;
				CLANG_WARN_SUSPICIOUS_MOVE = YES;
				CLANG_WARN_UNGUARDED_AVAILABILITY = YES_AGGRESSIVE;
				CLANG_WARN_UNREACHABLE_CODE = YES;
				CLANG_WARN__DUPLICATE_METHOD_MATCH = YES;
				CODE_SIGN_IDENTITY = "iPhone Developer";
				COPY_PHASE_STRIP = NO;
				DEBUG_INFORMATION_FORMAT = "dwarf-with-dsym";
				ENABLE_NS_ASSERTIONS = NO;
				ENABLE_STRICT_OBJC_MSGSEND = YES;
				GCC_C_LANGUAGE_STANDARD = gnu11;
				GCC_NO_COMMON_BLOCKS = YES;
				GCC_WARN_64_TO_32_BIT_CONVERSION = YES;
				GCC_WARN_ABOUT_RETURN_TYPE = YES_ERROR;
				GCC_WARN_UNDECLARED_SELECTOR = YES;
				GCC_WARN_UNINITIALIZED_AUTOS = YES_AGGRESSIVE;
				GCC_WARN_UNUSED_FUNCTION = YES;
				GCC_WARN_UNUSED_VARIABLE = YES;
				IPHONEOS_DEPLOYMENT_TARGET = 12.1;
				MTL_ENABLE_DEBUG_INFO = NO;
				MTL_FAST_MATH = YES;
				SDKROOT = iphoneos;
				SWIFT_COMPILATION_MODE = wholemodule;
				SWIFT_OPTIMIZATION_LEVEL = "-O";
				VALIDATE_PRODUCT = YES;
			};
			name = Release;
		};
		D516BF8F221F4098009E7358 /* Debug */ = {
			isa = XCBuildConfiguration;
			baseConfigurationReference = 7111F06BEAA7A213F05AB4A0 /* Pods-TVShows.debug.xcconfig */;
			buildSettings = {
				ASSETCATALOG_COMPILER_APPICON_NAME = AppIcon;
				CODE_SIGN_STYLE = Automatic;
				DEVELOPMENT_TEAM = SZP43QR59Q;
				INFOPLIST_FILE = TVShows/Info.plist;
				LD_RUNPATH_SEARCH_PATHS = (
					"$(inherited)",
					"@executable_path/Frameworks",
				);
				PRODUCT_BUNDLE_IDENTIFIER = me.dediego.TVShows;
				PRODUCT_NAME = "$(TARGET_NAME)";
				SWIFT_VERSION = 4.2;
				TARGETED_DEVICE_FAMILY = "1,2";
			};
			name = Debug;
		};
		D516BF90221F4098009E7358 /* Release */ = {
			isa = XCBuildConfiguration;
			baseConfigurationReference = 669C625DBC54FF4A7A48C4CE /* Pods-TVShows.release.xcconfig */;
			buildSettings = {
				ASSETCATALOG_COMPILER_APPICON_NAME = AppIcon;
				CODE_SIGN_STYLE = Automatic;
				DEVELOPMENT_TEAM = SZP43QR59Q;
				INFOPLIST_FILE = TVShows/Info.plist;
				LD_RUNPATH_SEARCH_PATHS = (
					"$(inherited)",
					"@executable_path/Frameworks",
				);
				PRODUCT_BUNDLE_IDENTIFIER = me.dediego.TVShows;
				PRODUCT_NAME = "$(TARGET_NAME)";
				SWIFT_VERSION = 4.2;
				TARGETED_DEVICE_FAMILY = "1,2";
			};
			name = Release;
		};
		D516BF92221F4098009E7358 /* Debug */ = {
			isa = XCBuildConfiguration;
			baseConfigurationReference = F467D81841C9FEC2E61353C0 /* Pods-TVShowsTests.debug.xcconfig */;
			buildSettings = {
				ALWAYS_EMBED_SWIFT_STANDARD_LIBRARIES = YES;
				BUNDLE_LOADER = "$(TEST_HOST)";
				CODE_SIGN_STYLE = Automatic;
				DEVELOPMENT_TEAM = SZP43QR59Q;
				INFOPLIST_FILE = TVShowsTests/Info.plist;
				LD_RUNPATH_SEARCH_PATHS = (
					"$(inherited)",
					"@executable_path/Frameworks",
					"@loader_path/Frameworks",
				);
				PRODUCT_BUNDLE_IDENTIFIER = me.dediego.TVShowsTests;
				PRODUCT_NAME = "$(TARGET_NAME)";
				SWIFT_VERSION = 4.2;
				TARGETED_DEVICE_FAMILY = "1,2";
				TEST_HOST = "$(BUILT_PRODUCTS_DIR)/TVShows.app/TVShows";
			};
			name = Debug;
		};
		D516BF93221F4098009E7358 /* Release */ = {
			isa = XCBuildConfiguration;
			baseConfigurationReference = CBA09FDA3B244E7C44FCF6BE /* Pods-TVShowsTests.release.xcconfig */;
			buildSettings = {
				ALWAYS_EMBED_SWIFT_STANDARD_LIBRARIES = YES;
				BUNDLE_LOADER = "$(TEST_HOST)";
				CODE_SIGN_STYLE = Automatic;
				DEVELOPMENT_TEAM = SZP43QR59Q;
				INFOPLIST_FILE = TVShowsTests/Info.plist;
				LD_RUNPATH_SEARCH_PATHS = (
					"$(inherited)",
					"@executable_path/Frameworks",
					"@loader_path/Frameworks",
				);
				PRODUCT_BUNDLE_IDENTIFIER = me.dediego.TVShowsTests;
				PRODUCT_NAME = "$(TARGET_NAME)";
				SWIFT_VERSION = 4.2;
				TARGETED_DEVICE_FAMILY = "1,2";
				TEST_HOST = "$(BUILT_PRODUCTS_DIR)/TVShows.app/TVShows";
			};
			name = Release;
		};
		D516BF95221F4098009E7358 /* Debug */ = {
			isa = XCBuildConfiguration;
			baseConfigurationReference = CF685A14CE9B164C770E0C7C /* Pods-TVShowsUITests.debug.xcconfig */;
			buildSettings = {
				ALWAYS_EMBED_SWIFT_STANDARD_LIBRARIES = YES;
				CODE_SIGN_STYLE = Automatic;
				DEVELOPMENT_TEAM = SZP43QR59Q;
				INFOPLIST_FILE = TVShowsUITests/Info.plist;
				LD_RUNPATH_SEARCH_PATHS = (
					"$(inherited)",
					"@executable_path/Frameworks",
					"@loader_path/Frameworks",
				);
				PRODUCT_BUNDLE_IDENTIFIER = me.dediego.TVShowsUITests;
				PRODUCT_NAME = "$(TARGET_NAME)";
				SWIFT_VERSION = 4.2;
				TARGETED_DEVICE_FAMILY = "1,2";
				TEST_TARGET_NAME = TVShows;
			};
			name = Debug;
		};
		D516BF96221F4098009E7358 /* Release */ = {
			isa = XCBuildConfiguration;
			baseConfigurationReference = 84E16FA76E7662BC8494E3D3 /* Pods-TVShowsUITests.release.xcconfig */;
			buildSettings = {
				ALWAYS_EMBED_SWIFT_STANDARD_LIBRARIES = YES;
				CODE_SIGN_STYLE = Automatic;
				DEVELOPMENT_TEAM = SZP43QR59Q;
				INFOPLIST_FILE = TVShowsUITests/Info.plist;
				LD_RUNPATH_SEARCH_PATHS = (
					"$(inherited)",
					"@executable_path/Frameworks",
					"@loader_path/Frameworks",
				);
				PRODUCT_BUNDLE_IDENTIFIER = me.dediego.TVShowsUITests;
				PRODUCT_NAME = "$(TARGET_NAME)";
				SWIFT_VERSION = 4.2;
				TARGETED_DEVICE_FAMILY = "1,2";
				TEST_TARGET_NAME = TVShows;
			};
			name = Release;
		};
/* End XCBuildConfiguration section */

/* Begin XCConfigurationList section */
		D516BF61221F4096009E7358 /* Build configuration list for PBXProject "TVShows" */ = {
			isa = XCConfigurationList;
			buildConfigurations = (
				D516BF8C221F4098009E7358 /* Debug */,
				D516BF8D221F4098009E7358 /* Release */,
			);
			defaultConfigurationIsVisible = 0;
			defaultConfigurationName = Release;
		};
		D516BF8E221F4098009E7358 /* Build configuration list for PBXNativeTarget "TVShows" */ = {
			isa = XCConfigurationList;
			buildConfigurations = (
				D516BF8F221F4098009E7358 /* Debug */,
				D516BF90221F4098009E7358 /* Release */,
			);
			defaultConfigurationIsVisible = 0;
			defaultConfigurationName = Release;
		};
		D516BF91221F4098009E7358 /* Build configuration list for PBXNativeTarget "TVShowsTests" */ = {
			isa = XCConfigurationList;
			buildConfigurations = (
				D516BF92221F4098009E7358 /* Debug */,
				D516BF93221F4098009E7358 /* Release */,
			);
			defaultConfigurationIsVisible = 0;
			defaultConfigurationName = Release;
		};
		D516BF94221F4098009E7358 /* Build configuration list for PBXNativeTarget "TVShowsUITests" */ = {
			isa = XCConfigurationList;
			buildConfigurations = (
				D516BF95221F4098009E7358 /* Debug */,
				D516BF96221F4098009E7358 /* Release */,
			);
			defaultConfigurationIsVisible = 0;
			defaultConfigurationName = Release;
		};
/* End XCConfigurationList section */
	};
	rootObject = D516BF5E221F4096009E7358 /* Project object */;
}
